
Microsoft Visual Studio Solution File, Format Version 12.00
# Visual Studio 2012
Project("{8BC9CEB8-8B4A-11D0-8D11-00A0C91BC942}") = "plane", "plane\plane.vcxproj", "{75C7B423-0BB5-4A84-8827-2F5E2A98A33E}"
EndProject
Global
	GlobalSection(SolutionConfigurationPlatforms) = preSolution
		Debug|Win32 = Debug|Win32
		Release|Win32 = Release|Win32
	EndGlobalSection
	GlobalSection(ProjectConfigurationPlatforms) = postSolution
		{75C7B423-0BB5-4A84-8827-2F5E2A98A33E}.Debug|Win32.ActiveCfg = Debug|Win32
		{75C7B423-0BB5-4A84-8827-2F5E2A98A33E}.Debug|Win32.Build.0 = Debug|Win32
		{75C7B423-0BB5-4A84-8827-2F5E2A98A33E}.Release|Win32.ActiveCfg = Release|Win32
		{75C7B423-0BB5-4A84-8827-2F5E2A98A33E}.Release|Win32.Build.0 = Release|Win32
	EndGlobalSection
	GlobalSection(SolutionProperties) = preSolution
		HideSolutionNode = FALSE
	EndGlobalSection
EndGlobal
